# -------------------------------------------------------------------------- #
#
# Copyright (C) 2017  Intel Corporation. All rights reserved.
# Your use of Intel Corporation's design tools, logic functions 
# and other software and tools, and its AMPP partner logic 
# functions, and any output files from any of the foregoing 
# (including device programming or simulation files), and any 
# associated documentation or information are expressly subject 
# to the terms and conditions of the Intel Program License 
# Subscription Agreement, the Intel Quartus Prime License Agreement,
# the Intel FPGA IP License Agreement, or other applicable license
# agreement, including, without limitation, that your use is for
# the sole purpose of programming logic devices manufactured by
# Intel and sold by Intel or its authorized distributors.  Please
# refer to the applicable agreement for further details.
#
# -------------------------------------------------------------------------- #
#
# Quartus Prime
# Version 17.1.0 Build 590 10/25/2017 SJ Standard Edition
# Date created = 15:10:47  April 20, 2018
#
# -------------------------------------------------------------------------- #
#
# Notes:
#
# 1) The default values for assignments are stored in the file:
#		test_module_test_assignment_defaults.qdf
#    If this file doesn't exist, see file:
#		assignment_defaults.qdf
#
# 2) Altera recommends that you do not modify this file. This
#    file is updated automatically by the Quartus Prime software
#    and any changes you make may be lost or overwritten.
#
# -------------------------------------------------------------------------- #


set_global_assignment -name FAMILY "Cyclone IV E"
set_global_assignment -name DEVICE EP4CE30F23I7
set_global_assignment -name TOP_LEVEL_ENTITY test_module_test
set_global_assignment -name ORIGINAL_QUARTUS_VERSION 17.1.0
set_global_assignment -name PROJECT_CREATION_TIME_DATE "15:10:47  APRIL 20, 2018"
set_global_assignment -name LAST_QUARTUS_VERSION "17.1.0 Standard Edition"
set_global_assignment -name PROJECT_OUTPUT_DIRECTORY output_files
set_global_assignment -name MIN_CORE_JUNCTION_TEMP "-40"
set_global_assignment -name MAX_CORE_JUNCTION_TEMP 100
set_global_assignment -name ERROR_CHECK_FREQUENCY_DIVISOR 1
set_global_assignment -name NOMINAL_CORE_SUPPLY_VOLTAGE 1.2V
set_global_assignment -name EDA_SIMULATION_TOOL "ModelSim-Altera (Verilog)"
set_global_assignment -name EDA_TIME_SCALE "1 ps" -section_id eda_simulation
set_global_assignment -name EDA_OUTPUT_DATA_FORMAT "VERILOG HDL" -section_id eda_simulation
set_global_assignment -name VERILOG_FILE test_module_test.v
set_global_assignment -name PARTITION_NETLIST_TYPE SOURCE -section_id Top
set_global_assignment -name PARTITION_FITTER_PRESERVATION_LEVEL PLACEMENT_AND_ROUTING -section_id Top
set_global_assignment -name PARTITION_COLOR 16764057 -section_id Top
set_location_assignment PIN_B12 -to clock
set_location_assignment PIN_Y6 -to display1[7]
set_location_assignment PIN_AB5 -to display1[6]
set_location_assignment PIN_W6 -to display1[5]
set_location_assignment PIN_AB4 -to display1[4]
set_location_assignment PIN_AA5 -to display1[3]
set_location_assignment PIN_AA4 -to display1[2]
set_location_assignment PIN_V5 -to display1[1]
set_location_assignment PIN_AA3 -to display1[0]
set_location_assignment PIN_U8 -to display2[7]
set_location_assignment PIN_AA7 -to display2[6]
set_location_assignment PIN_T8 -to display2[5]
set_location_assignment PIN_V7 -to display2[4]
set_location_assignment PIN_Y7 -to display2[3]
set_location_assignment PIN_U7 -to display2[2]
set_location_assignment PIN_W7 -to display2[1]
set_location_assignment PIN_V6 -to display2[0]
set_location_assignment PIN_V9 -to display3[7]
set_location_assignment PIN_AB8 -to display3[6]
set_location_assignment PIN_U9 -to display3[5]
set_location_assignment PIN_W8 -to display3[4]
set_location_assignment PIN_AA8 -to display3[3]
set_location_assignment PIN_V8 -to display3[2]
set_location_assignment PIN_Y8 -to display3[1]
set_location_assignment PIN_AB7 -to display3[0]
set_location_assignment PIN_AB10 -to display4[7]
set_location_assignment PIN_W10 -to display4[6]
set_location_assignment PIN_AA10 -to display4[5]
set_location_assignment PIN_AB9 -to display4[4]
set_location_assignment PIN_V10 -to display4[3]
set_location_assignment PIN_AA9 -to display4[2]
set_location_assignment PIN_U10 -to display4[1]
set_location_assignment PIN_T9 -to display4[0]

set_location_assignment PIN_V13 -to display5[7]
set_location_assignment PIN_V12 -to display5[6]
set_location_assignment PIN_U13 -to display5[5]
set_location_assignment PIN_V11 -to display5[4]
set_location_assignment PIN_U12 -to display5[3]
set_location_assignment PIN_U11 -to display5[2]
set_location_assignment PIN_T12 -to display5[1]
set_location_assignment PIN_Y10 -to display5[0]
set_location_assignment PIN_V14 -to display6[7]
set_location_assignment PIN_R14 -to display6[6]
set_location_assignment PIN_U14 -to display6[5]
set_location_assignment PIN_Y13 -to display6[4]
set_location_assignment PIN_AB13 -to display6[3]
set_location_assignment PIN_W13 -to display6[2]
set_location_assignment PIN_AA13 -to display6[1]
set_location_assignment PIN_T13 -to display6[0]
set_location_assignment PIN_W15 -to display7[7]
set_location_assignment PIN_T15 -to display7[6]
set_location_assignment PIN_V15 -to display7[5]
set_location_assignment PIN_AA14 -to display7[4]
set_location_assignment PIN_R15 -to display7[3]
set_location_assignment PIN_W14 -to display7[2]
set_location_assignment PIN_AB14 -to display7[1]
set_location_assignment PIN_T14 -to display7[0]
set_location_assignment PIN_AB16 -to display8[7]
set_location_assignment PIN_U16 -to display8[6]
set_location_assignment PIN_AA16 -to display8[5]
set_location_assignment PIN_AB15 -to display8[4]
set_location_assignment PIN_T16 -to display8[3]
set_location_assignment PIN_AA15 -to display8[2]
set_location_assignment PIN_R16 -to display8[1]
set_location_assignment PIN_U15 -to display8[0]
set_location_assignment PIN_V16 -to selecter
set_location_assignment PIN_F15 -to reset

set_location_assignment PIN_E15 -to exec
set_global_assignment -name POWER_PRESET_COOLING_SOLUTION "23 MM HEAT SINK WITH 200 LFPM AIRFLOW"
set_global_assignment -name POWER_BOARD_THERMAL_MODEL "NONE (CONSERVATIVE)"
set_global_assignment -name EDA_TEST_BENCH_ENABLE_STATUS TEST_BENCH_MODE -section_id eda_simulation
set_global_assignment -name EDA_NATIVELINK_SIMULATION_TEST_BENCH test_module_test_test1 -section_id eda_simulation
set_global_assignment -name EDA_TEST_BENCH_NAME test_module_test_test1 -section_id eda_simulation
set_global_assignment -name EDA_DESIGN_INSTANCE_NAME NA -section_id test_module_test_test1
set_global_assignment -name EDA_TEST_BENCH_MODULE_NAME test_module_test_test1 -section_id test_module_test_test1
set_global_assignment -name EDA_TEST_BENCH_FILE simulation/modelsim/test_module_test_test1.vt -section_id test_module_test_test1
set_instance_assignment -name PARTITION_HIERARCHY root_partition -to | -section_id Top